
Microsoft Visual Studio Solution File, Format Version 12.00
# Visual Studio Version 17
VisualStudioVersion = 17.9.34622.214
MinimumVisualStudioVersion = 10.0.40219.1
Project("{FAE04EC0-301F-11D3-BF4B-00C04F79EFBC}") = "AuthServer", "..\AuthServer\AuthServer.csproj", "{527CF09D-8FA6-418E-864C-4A6AC3BD928A}"
EndProject
Project("{FAE04EC0-301F-11D3-BF4B-00C04F79EFBC}") = "WebAPI", "..\WebAPI\WebAPI.csproj", "{B3FA341A-4F07-49BA-88B4-BA7953CAE6B0}"
EndProject
Global
	GlobalSection(SolutionConfigurationPlatforms) = preSolution
		Debug|Any CPU = Debug|Any CPU
		Release|Any CPU = Release|Any CPU
	EndGlobalSection
	GlobalSection(ProjectConfigurationPlatforms) = postSolution
		{527CF09D-8FA6-418E-864C-4A6AC3BD928A}.Debug|Any CPU.ActiveCfg = Debug|Any CPU
		{527CF09D-8FA6-418E-864C-4A6AC3BD928A}.Debug|Any CPU.Build.0 = Debug|Any CPU
		{527CF09D-8FA6-418E-864C-4A6AC3BD928A}.Release|Any CPU.ActiveCfg = Release|Any CPU
		{527CF09D-8FA6-418E-864C-4A6AC3BD928A}.Release|Any CPU.Build.0 = Release|Any CPU
		{B3FA341A-4F07-49BA-88B4-BA7953CAE6B0}.Debug|Any CPU.ActiveCfg = Debug|Any CPU
		{B3FA341A-4F07-49BA-88B4-BA7953CAE6B0}.Debug|Any CPU.Build.0 = Debug|Any CPU
		{B3FA341A-4F07-49BA-88B4-BA7953CAE6B0}.Release|Any CPU.ActiveCfg = Release|Any CPU
		{B3FA341A-4F07-49BA-88B4-BA7953CAE6B0}.Release|Any CPU.Build.0 = Release|Any CPU
	EndGlobalSection
	GlobalSection(SolutionProperties) = preSolution
		HideSolutionNode = FALSE
	EndGlobalSection
	GlobalSection(ExtensibilityGlobals) = postSolution
		SolutionGuid = {532125F7-3B00-4ED5-A2FC-67EA88A63FBD}
	EndGlobalSection
EndGlobal
